
Microsoft Visual Studio Solution File, Format Version 12.00
# Visual Studio Version 16
VisualStudioVersion = 16.0.29215.179
MinimumVisualStudioVersion = 10.0.40219.1
Project("{FAE04EC0-301F-11D3-BF4B-00C04F79EFBC}") = "ЛАБОРАТОРНАЯ_РАБОТА_9", "ЛАБОРАТОРНАЯ_РАБОТА_9.csproj", "{949CD67E-1C28-496E-8C15-042DF3B677A7}"
EndProject
Global
	GlobalSection(SolutionConfigurationPlatforms) = preSolution
		Debug|Any CPU = Debug|Any CPU
		Release|Any CPU = Release|Any CPU
	EndGlobalSection
	GlobalSection(ProjectConfigurationPlatforms) = postSolution
		{949CD67E-1C28-496E-8C15-042DF3B677A7}.Debug|Any CPU.ActiveCfg = Debug|Any CPU
		{949CD67E-1C28-496E-8C15-042DF3B677A7}.Debug|Any CPU.Build.0 = Debug|Any CPU
		{949CD67E-1C28-496E-8C15-042DF3B677A7}.Release|Any CPU.ActiveCfg = Release|Any CPU
		{949CD67E-1C28-496E-8C15-042DF3B677A7}.Release|Any CPU.Build.0 = Release|Any CPU
	EndGlobalSection
	GlobalSection(SolutionProperties) = preSolution
		HideSolutionNode = FALSE
	EndGlobalSection
	GlobalSection(ExtensibilityGlobals) = postSolution
		SolutionGuid = {96B72135-F46B-4D2A-8A0A-BFCC19130FEC}
	EndGlobalSection
EndGlobal
